
Microsoft Visual Studio Solution File, Format Version 12.00
# Visual Studio Version 17
VisualStudioVersion = 17.0.32112.339
MinimumVisualStudioVersion = 10.0.40219.1
Project("{FAE04EC0-301F-11D3-BF4B-00C04F79EFBC}") = "Proyectos", "Proyectos\Proyectos.csproj", "{C376C315-D0A5-4B54-889F-2C267CCA3824}"
EndProject
Global
	GlobalSection(SolutionConfigurationPlatforms) = preSolution
		Debug|Any CPU = Debug|Any CPU
		Release|Any CPU = Release|Any CPU
	EndGlobalSection
	GlobalSection(ProjectConfigurationPlatforms) = postSolution
		{C376C315-D0A5-4B54-889F-2C267CCA3824}.Debug|Any CPU.ActiveCfg = Debug|Any CPU
		{C376C315-D0A5-4B54-889F-2C267CCA3824}.Debug|Any CPU.Build.0 = Debug|Any CPU
		{C376C315-D0A5-4B54-889F-2C267CCA3824}.Release|Any CPU.ActiveCfg = Release|Any CPU
		{C376C315-D0A5-4B54-889F-2C267CCA3824}.Release|Any CPU.Build.0 = Release|Any CPU
	EndGlobalSection
	GlobalSection(SolutionProperties) = preSolution
		HideSolutionNode = FALSE
	EndGlobalSection
	GlobalSection(ExtensibilityGlobals) = postSolution
		SolutionGuid = {6E06F073-F69B-42F1-B776-374DEF827EB5}
	EndGlobalSection
EndGlobal
